<?xml version="1.0" encoding="utf-8"?>
<Project ToolsVersion="4.0" xmlns="http://schemas.microsoft.com/developer/msbuild/2003">
  <ItemGroup>
    <ClCompile Include="Source\BasicGameplay\BasicGameplayGameMode.cpp" />
    <ClCompile Include="Source\BasicGameplay\BasicGameplayPawn.cpp" />
    <ClCompile Include="Source\BasicGameplay\CollisionTestActors.cpp" />
    <ClCompile Include="Source\Common\LauncherPlayerController.cpp" />
    <ClCompile Include="Source\LevelStarter\LevelStarterGameMode.cpp" />
    <ClCompile Include="Source\LevelStarter\LevelStarterWidget.cpp" />
    <ClCompile Include="Source\NetworkTest\NetworkTestBreakableActor.cpp" />
    <ClCompile Include="Source\NetworkTest\NetworkTestForceFieldActor.cpp" />
    <ClCompile Include="Source\NetworkTest\NetworkTestGameMode.cpp" />
    <ClCompile Include="Source\NetworkTest\NetworkTestPawn.cpp" />
    <ClCompile Include="Source\NetworkTest\NetworkTestRepComponent.cpp" />
    <ClCompile Include="Source\NetworkTest\NetworkTestUI.cpp" />
    <ClCompile Include="Source\SceneTest\AttachmentRuleTestActor.cpp" />
    <ClCompile Include="Source\SceneTest\SceneLifecycleActor.cpp" />
    <ClCompile Include="Source\SceneTest\SceneTestGameMode.cpp" />
    <ClCompile Include="Source\WidgetTest\WidgetTestGameMode.cpp" />
    <ClCompile Include="Source\WidgetTest\WidgetTestPawn.cpp" />
    <ClCompile Include="Source\WidgetTest\WidgetTestUIMain.cpp" />
    <ClCompile Include="Source\Entry.cpp" />
  </ItemGroup>
  <ItemGroup>
    <ClInclude Include="Source\BasicGameplay\BasicGameplayGameMode.h" />
    <ClInclude Include="Source\BasicGameplay\BasicGameplayPawn.h" />
    <ClInclude Include="Source\BasicGameplay\CollisionTestActors.h" />
    <ClInclude Include="Source\Common\LauncherPlayerController.h" />
    <ClInclude Include="Source\LevelStarter\LevelStarterGameMode.h" />
    <ClInclude Include="Source\LevelStarter\LevelStarterWidget.h" />
    <ClInclude Include="Source\NetworkTest\NetworkTestBreakableActor.h" />
    <ClInclude Include="Source\NetworkTest\NetworkTestForceFieldActor.h" />
    <ClInclude Include="Source\NetworkTest\NetworkTestGameMode.h" />
    <ClInclude Include="Source\NetworkTest\NetworkTestPawn.h" />
    <ClInclude Include="Source\NetworkTest\NetworkTestRepComponent.h" />
    <ClInclude Include="Source\NetworkTest\NetworkTestUI.h" />
    <ClInclude Include="Source\SceneTest\AttachmentRuleTestActor.h" />
    <ClInclude Include="Source\SceneTest\SceneLifecycleActor.h" />
    <ClInclude Include="Source\SceneTest\SceneTestGameMode.h" />
    <ClInclude Include="Source\WidgetTest\WidgetTestGameMode.h" />
    <ClInclude Include="Source\WidgetTest\WidgetTestPawn.h" />
    <ClInclude Include="Source\WidgetTest\WidgetTestUIMain.h" />
  </ItemGroup>
</Project>